
Microsoft Visual Studio Solution File, Format Version 12.00
# Visual Studio Version 16
VisualStudioVersion = 16.0.30320.27
MinimumVisualStudioVersion = 10.0.40219.1
Project("{FAE04EC0-301F-11D3-BF4B-00C04F79EFBC}") = "A133590.Ejercicio47", "A133590.Ejercicio47.csproj", "{17C47870-0B68-4168-A5B2-B103B3C5B031}"
EndProject
Global
	GlobalSection(SolutionConfigurationPlatforms) = preSolution
		Debug|Any CPU = Debug|Any CPU
		Release|Any CPU = Release|Any CPU
	EndGlobalSection
	GlobalSection(ProjectConfigurationPlatforms) = postSolution
		{17C47870-0B68-4168-A5B2-B103B3C5B031}.Debug|Any CPU.ActiveCfg = Debug|Any CPU
		{17C47870-0B68-4168-A5B2-B103B3C5B031}.Debug|Any CPU.Build.0 = Debug|Any CPU
		{17C47870-0B68-4168-A5B2-B103B3C5B031}.Release|Any CPU.ActiveCfg = Release|Any CPU
		{17C47870-0B68-4168-A5B2-B103B3C5B031}.Release|Any CPU.Build.0 = Release|Any CPU
	EndGlobalSection
	GlobalSection(SolutionProperties) = preSolution
		HideSolutionNode = FALSE
	EndGlobalSection
	GlobalSection(ExtensibilityGlobals) = postSolution
		SolutionGuid = {F11B8B2B-10DE-47A2-994C-1EF0DABD6EDF}
	EndGlobalSection
EndGlobal
